
Microsoft Visual Studio Solution File, Format Version 12.00
# Visual Studio Version 17
VisualStudioVersion = 17.11.35219.272
MinimumVisualStudioVersion = 10.0.40219.1
Project("{9A19103F-16F7-4668-BE54-9A1E7A4F7556}") = "CourseraApp", "CourseraApp\CourseraApp.csproj", "{2688B332-AE90-457C-A4DA-A59F76BB9F1A}"
EndProject
Global
	GlobalSection(SolutionConfigurationPlatforms) = preSolution
		Debug|Any CPU = Debug|Any CPU
		Release|Any CPU = Release|Any CPU
	EndGlobalSection
	GlobalSection(ProjectConfigurationPlatforms) = postSolution
		{2688B332-AE90-457C-A4DA-A59F76BB9F1A}.Debug|Any CPU.ActiveCfg = Debug|Any CPU
		{2688B332-AE90-457C-A4DA-A59F76BB9F1A}.Debug|Any CPU.Build.0 = Debug|Any CPU
		{2688B332-AE90-457C-A4DA-A59F76BB9F1A}.Release|Any CPU.ActiveCfg = Release|Any CPU
		{2688B332-AE90-457C-A4DA-A59F76BB9F1A}.Release|Any CPU.Build.0 = Release|Any CPU
	EndGlobalSection
	GlobalSection(SolutionProperties) = preSolution
		HideSolutionNode = FALSE
	EndGlobalSection
	GlobalSection(ExtensibilityGlobals) = postSolution
		SolutionGuid = {2165545B-4AD3-454C-AC1D-FEA33699000A}
	EndGlobalSection
EndGlobal
